
Microsoft Visual Studio Solution File, Format Version 12.00
# Visual Studio 15
VisualStudioVersion = 15.0.28307.271
MinimumVisualStudioVersion = 10.0.40219.1
Project("{FAE04EC0-301F-11D3-BF4B-00C04F79EFBC}") = "Semicrolinicio", "Semicrolinicio\Semicrolinicio.csproj", "{59E09FCD-97F3-41D1-AFD8-3B2C0D2B4CD7}"
EndProject
Project("{FAE04EC0-301F-11D3-BF4B-00C04F79EFBC}") = "LibreriaFundanet", "LibreriaFundanet\LibreriaFundanet.csproj", "{B31DAA83-2B3D-4F4E-BB1C-148B63AB401D}"
EndProject
Global
	GlobalSection(SolutionConfigurationPlatforms) = preSolution
		Debug|Any CPU = Debug|Any CPU
		Release|Any CPU = Release|Any CPU
	EndGlobalSection
	GlobalSection(ProjectConfigurationPlatforms) = postSolution
		{59E09FCD-97F3-41D1-AFD8-3B2C0D2B4CD7}.Debug|Any CPU.ActiveCfg = Debug|Any CPU
		{59E09FCD-97F3-41D1-AFD8-3B2C0D2B4CD7}.Debug|Any CPU.Build.0 = Debug|Any CPU
		{59E09FCD-97F3-41D1-AFD8-3B2C0D2B4CD7}.Release|Any CPU.ActiveCfg = Release|Any CPU
		{59E09FCD-97F3-41D1-AFD8-3B2C0D2B4CD7}.Release|Any CPU.Build.0 = Release|Any CPU
		{B31DAA83-2B3D-4F4E-BB1C-148B63AB401D}.Debug|Any CPU.ActiveCfg = Debug|Any CPU
		{B31DAA83-2B3D-4F4E-BB1C-148B63AB401D}.Debug|Any CPU.Build.0 = Debug|Any CPU
		{B31DAA83-2B3D-4F4E-BB1C-148B63AB401D}.Release|Any CPU.ActiveCfg = Release|Any CPU
		{B31DAA83-2B3D-4F4E-BB1C-148B63AB401D}.Release|Any CPU.Build.0 = Release|Any CPU
	EndGlobalSection
	GlobalSection(SolutionProperties) = preSolution
		HideSolutionNode = FALSE
	EndGlobalSection
	GlobalSection(ExtensibilityGlobals) = postSolution
		SolutionGuid = {C947D508-90DA-4F48-B6F1-EA1F0EE20D80}
	EndGlobalSection
EndGlobal
